
Microsoft Visual Studio Solution File, Format Version 12.00
# Visual Studio Version 17
VisualStudioVersion = 17.7.34031.279
MinimumVisualStudioVersion = 10.0.40219.1
Project("{8BC9CEB8-8B4A-11D0-8D11-00A0C91BC942}") = "DID_Wallet", "DID_Wallet\DID_Wallet.vcxproj", "{283A7EC5-CD93-43E8-8B8F-82847C41D5D0}"
EndProject
Global
	GlobalSection(SolutionConfigurationPlatforms) = preSolution
		Debug|x64 = Debug|x64
		Debug|x86 = Debug|x86
		Release|x64 = Release|x64
		Release|x86 = Release|x86
	EndGlobalSection
	GlobalSection(ProjectConfigurationPlatforms) = postSolution
		{283A7EC5-CD93-43E8-8B8F-82847C41D5D0}.Debug|x64.ActiveCfg = Debug|x64
		{283A7EC5-CD93-43E8-8B8F-82847C41D5D0}.Debug|x64.Build.0 = Debug|x64
		{283A7EC5-CD93-43E8-8B8F-82847C41D5D0}.Debug|x86.ActiveCfg = Debug|Win32
		{283A7EC5-CD93-43E8-8B8F-82847C41D5D0}.Debug|x86.Build.0 = Debug|Win32
		{283A7EC5-CD93-43E8-8B8F-82847C41D5D0}.Release|x64.ActiveCfg = Release|x64
		{283A7EC5-CD93-43E8-8B8F-82847C41D5D0}.Release|x64.Build.0 = Release|x64
		{283A7EC5-CD93-43E8-8B8F-82847C41D5D0}.Release|x86.ActiveCfg = Release|Win32
		{283A7EC5-CD93-43E8-8B8F-82847C41D5D0}.Release|x86.Build.0 = Release|Win32
	EndGlobalSection
	GlobalSection(SolutionProperties) = preSolution
		HideSolutionNode = FALSE
	EndGlobalSection
	GlobalSection(ExtensibilityGlobals) = postSolution
		SolutionGuid = {64319C5A-F18B-4241-AABF-C156113AD591}
	EndGlobalSection
EndGlobal
